<?xml version="1.0" encoding="utf-8"?>
<Project ToolsVersion="4.0" xmlns="http://schemas.microsoft.com/developer/msbuild/2003">
  <ItemGroup>
    <Filter Include="Engine">
      <UniqueIdentifier>{DBC7D3B0-C769-FE86-B024-12DB9C6585D7}</UniqueIdentifier>
    </Filter>
    <Filter Include="Engine\Component">
      <UniqueIdentifier>{FD6DB9BA-E966-D80C-1299-BD91FEF0B718}</UniqueIdentifier>
    </Filter>
    <Filter Include="Game">
      <UniqueIdentifier>{7FA9857C-6BE0-860D-14CD-6C1000E3020F}</UniqueIdentifier>
    </Filter>
    <Filter Include="stbi">
      <UniqueIdentifier>{97199E7C-8350-9F0D-2C3D-851018531B0F}</UniqueIdentifier>
    </Filter>
  </ItemGroup>
  <ItemGroup>
    <ClInclude Include="src\Engine\Actor.h">
      <Filter>Engine</Filter>
    </ClInclude>
    <ClInclude Include="src\Engine\AudioSystem.h">
      <Filter>Engine</Filter>
    </ClInclude>
    <ClInclude Include="src\Engine\Button.h">
      <Filter>Engine</Filter>
    </ClInclude>
    <ClInclude Include="src\Engine\Collision.h">
      <Filter>Engine</Filter>
    </ClInclude>
    <ClInclude Include="src\Engine\Component\AudioComponent.h">
      <Filter>Engine\Component</Filter>
    </ClInclude>
    <ClInclude Include="src\Engine\Component\BallMoveComponent.h">
      <Filter>Engine\Component</Filter>
    </ClInclude>
    <ClInclude Include="src\Engine\Component\BoxComponent.h">
      <Filter>Engine\Component</Filter>
    </ClInclude>
    <ClInclude Include="src\Engine\Component\CameraComponent.h">
      <Filter>Engine\Component</Filter>
    </ClInclude>
    <ClInclude Include="src\Engine\Component\Component.h">
      <Filter>Engine\Component</Filter>
    </ClInclude>
    <ClInclude Include="src\Engine\Component\FPSCameraComponent.h">
      <Filter>Engine\Component</Filter>
    </ClInclude>
    <ClInclude Include="src\Engine\Component\MeshRenderer.h">
      <Filter>Engine\Component</Filter>
    </ClInclude>
    <ClInclude Include="src\Engine\Component\MoveComponent.h">
      <Filter>Engine\Component</Filter>
    </ClInclude>
    <ClInclude Include="src\Engine\Component\SpriteRenderer.h">
      <Filter>Engine\Component</Filter>
    </ClInclude>
    <ClInclude Include="src\Engine\DialogBox.h">
      <Filter>Engine</Filter>
    </ClInclude>
    <ClInclude Include="src\Engine\Font.h">
      <Filter>Engine</Filter>
    </ClInclude>
    <ClInclude Include="src\Engine\Game.h">
      <Filter>Engine</Filter>
    </ClInclude>
    <ClInclude Include="src\Engine\InputSystem.h">
      <Filter>Engine</Filter>
    </ClInclude>
    <ClInclude Include="src\Engine\KeyboardState.h">
      <Filter>Engine</Filter>
    </ClInclude>
    <ClInclude Include="src\Engine\Mesh.h">
      <Filter>Engine</Filter>
    </ClInclude>
    <ClInclude Include="src\Engine\Model.h">
      <Filter>Engine</Filter>
    </ClInclude>
    <ClInclude Include="src\Engine\MouseState.h">
      <Filter>Engine</Filter>
    </ClInclude>
    <ClInclude Include="src\Engine\PhysWorld.h">
      <Filter>Engine</Filter>
    </ClInclude>
    <ClInclude Include="src\Engine\Renderer.h">
      <Filter>Engine</Filter>
    </ClInclude>
    <ClInclude Include="src\Engine\Shader.h">
      <Filter>Engine</Filter>
    </ClInclude>
    <ClInclude Include="src\Engine\SoundEvent.h">
      <Filter>Engine</Filter>
    </ClInclude>
    <ClInclude Include="src\Engine\Texture.h">
      <Filter>Engine</Filter>
    </ClInclude>
    <ClInclude Include="src\Engine\UIScreen.h">
      <Filter>Engine</Filter>
    </ClInclude>
    <ClInclude Include="src\Game\BallActor.h">
      <Filter>Game</Filter>
    </ClInclude>
    <ClInclude Include="src\Game\FPSActor.h">
      <Filter>Game</Filter>
    </ClInclude>
    <ClInclude Include="src\Game\GroundActor.h">
      <Filter>Game</Filter>
    </ClInclude>
    <ClInclude Include="src\Game\HUD.h">
      <Filter>Game</Filter>
    </ClInclude>
    <ClInclude Include="src\Game\PauseMenu.h">
      <Filter>Game</Filter>
    </ClInclude>
    <ClInclude Include="src\Game\TargetActor.h">
      <Filter>Game</Filter>
    </ClInclude>
    <ClInclude Include="src\Game\WallActor.h">
      <Filter>Game</Filter>
    </ClInclude>
    <ClInclude Include="src\stbi\stb_image.h">
      <Filter>stbi</Filter>
    </ClInclude>
    <ClInclude Include="src\Game\AnimationTest.h" />
    <ClInclude Include="src\Engine\Component\SkinnedMeshRenderer.h" />
    <ClInclude Include="src\Engine\Skeleton.h" />
    <ClInclude Include="src\Engine\BoneTransform.h" />
    <ClInclude Include="src\Engine\Animation.h" />
    <ClInclude Include="src\Engine\MatrixPalette.h" />
    <ClInclude Include="src\Engine\Component\FollowCamera.h" />
    <ClInclude Include="src\Game\FollowActor.h" />
  </ItemGroup>
  <ItemGroup>
    <ClCompile Include="src\Engine\Actor.cpp">
      <Filter>Engine</Filter>
    </ClCompile>
    <ClCompile Include="src\Engine\AudioSystem.cpp">
      <Filter>Engine</Filter>
    </ClCompile>
    <ClCompile Include="src\Engine\Button.cpp">
      <Filter>Engine</Filter>
    </ClCompile>
    <ClCompile Include="src\Engine\Collision.cpp">
      <Filter>Engine</Filter>
    </ClCompile>
    <ClCompile Include="src\Engine\Component\AudioComponent.cpp">
      <Filter>Engine\Component</Filter>
    </ClCompile>
    <ClCompile Include="src\Engine\Component\BallMoveComponent.cpp">
      <Filter>Engine\Component</Filter>
    </ClCompile>
    <ClCompile Include="src\Engine\Component\BoxComponent.cpp">
      <Filter>Engine\Component</Filter>
    </ClCompile>
    <ClCompile Include="src\Engine\Component\CameraComponent.cpp">
      <Filter>Engine\Component</Filter>
    </ClCompile>
    <ClCompile Include="src\Engine\Component\Component.cpp">
      <Filter>Engine\Component</Filter>
    </ClCompile>
    <ClCompile Include="src\Engine\Component\FPSCameraComponent.cpp">
      <Filter>Engine\Component</Filter>
    </ClCompile>
    <ClCompile Include="src\Engine\Component\MeshRenderer.cpp">
      <Filter>Engine\Component</Filter>
    </ClCompile>
    <ClCompile Include="src\Engine\Component\MoveComponent.cpp">
      <Filter>Engine\Component</Filter>
    </ClCompile>
    <ClCompile Include="src\Engine\Component\SpriteRenderer.cpp">
      <Filter>Engine\Component</Filter>
    </ClCompile>
    <ClCompile Include="src\Engine\DialogBox.cpp">
      <Filter>Engine</Filter>
    </ClCompile>
    <ClCompile Include="src\Engine\Font.cpp">
      <Filter>Engine</Filter>
    </ClCompile>
    <ClCompile Include="src\Engine\Game.cpp">
      <Filter>Engine</Filter>
    </ClCompile>
    <ClCompile Include="src\Engine\InputSystem.cpp">
      <Filter>Engine</Filter>
    </ClCompile>
    <ClCompile Include="src\Engine\KeyboardState.cpp">
      <Filter>Engine</Filter>
    </ClCompile>
    <ClCompile Include="src\Engine\Mesh.cpp">
      <Filter>Engine</Filter>
    </ClCompile>
    <ClCompile Include="src\Engine\Model.cpp">
      <Filter>Engine</Filter>
    </ClCompile>
    <ClCompile Include="src\Engine\MouseState.cpp">
      <Filter>Engine</Filter>
    </ClCompile>
    <ClCompile Include="src\Engine\PhysWorld.cpp">
      <Filter>Engine</Filter>
    </ClCompile>
    <ClCompile Include="src\Engine\Renderer.cpp">
      <Filter>Engine</Filter>
    </ClCompile>
    <ClCompile Include="src\Engine\Shader.cpp">
      <Filter>Engine</Filter>
    </ClCompile>
    <ClCompile Include="src\Engine\SoundEvent.cpp">
      <Filter>Engine</Filter>
    </ClCompile>
    <ClCompile Include="src\Engine\Texture.cpp">
      <Filter>Engine</Filter>
    </ClCompile>
    <ClCompile Include="src\Engine\UIScreen.cpp">
      <Filter>Engine</Filter>
    </ClCompile>
    <ClCompile Include="src\EntryPoint.cpp" />
    <ClCompile Include="src\Game\BallActor.cpp">
      <Filter>Game</Filter>
    </ClCompile>
    <ClCompile Include="src\Game\FPSActor.cpp">
      <Filter>Game</Filter>
    </ClCompile>
    <ClCompile Include="src\Game\HUD.cpp">
      <Filter>Game</Filter>
    </ClCompile>
    <ClCompile Include="src\stbi\stb_image.cpp">
      <Filter>stbi</Filter>
    </ClCompile>
    <ClCompile Include="src\Engine\Component\SkinnedMeshRenderer.cpp" />
    <ClCompile Include="src\Engine\Skeleton.cpp" />
    <ClCompile Include="src\Engine\BoneTransform.cpp" />
    <ClCompile Include="src\Engine\Animation.cpp" />
    <ClCompile Include="src\Engine\Component\FollowCamera.cpp" />
    <ClCompile Include="src\Game\FollowActor.cpp" />
  </ItemGroup>
</Project>