<?xml version="1.0" encoding="utf-8"?>
<Project ToolsVersion="4.0" xmlns="http://schemas.microsoft.com/developer/msbuild/2003">
  <ItemGroup>
    <Filter Include="Engine">
      <UniqueIdentifier>{DBC7D3B0-C769-FE86-B024-12DB9C6585D7}</UniqueIdentifier>
    </Filter>
    <Filter Include="Engine\util">
      <UniqueIdentifier>{288CB661-9441-2F57-1D36-292E89EA255B}</UniqueIdentifier>
    </Filter>
  </ItemGroup>
  <ItemGroup>
    <ClInclude Include="src\Engine\Actor.h">
      <Filter>Engine</Filter>
    </ClInclude>
    <ClInclude Include="src\Engine\Game.h">
      <Filter>Engine</Filter>
    </ClInclude>
    <ClInclude Include="src\Engine\Mesh.h">
      <Filter>Engine</Filter>
    </ClInclude>
    <ClInclude Include="src\Engine\Model.h">
      <Filter>Engine</Filter>
    </ClInclude>
    <ClInclude Include="src\Engine\Shader.h">
      <Filter>Engine</Filter>
    </ClInclude>
    <ClInclude Include="src\Engine\Texture.h">
      <Filter>Engine</Filter>
    </ClInclude>
    <ClInclude Include="src\Engine\util\stb_image.h">
      <Filter>Engine\util</Filter>
    </ClInclude>
    <ClInclude Include="src\Engine\Component\Component.h" />
    <ClInclude Include="src\Engine\Component\MeshComponent.h" />
    <ClInclude Include="src\Engine\Camera.h" />
    <ClInclude Include="src\Game\BackPackActor.h" />
    <ClInclude Include="src\Engine\Renderer.h" />
    <ClInclude Include="src\Engine\Component\SpriteComponent.h" />
    <ClInclude Include="src\Game\TestActor2.h" />
    <ClInclude Include="src\Game\ContainerActor.h" />
    <ClInclude Include="src\Game\HealthBarActor.h" />
    <ClInclude Include="src\Game\SceneActor.h" />
  </ItemGroup>
  <ItemGroup>
    <ClCompile Include="src\Engine\Actor.cpp">
      <Filter>Engine</Filter>
    </ClCompile>
    <ClCompile Include="src\Engine\Game.cpp">
      <Filter>Engine</Filter>
    </ClCompile>
    <ClCompile Include="src\Engine\Mesh.cpp">
      <Filter>Engine</Filter>
    </ClCompile>
    <ClCompile Include="src\Engine\Model.cpp">
      <Filter>Engine</Filter>
    </ClCompile>
    <ClCompile Include="src\Engine\Shader.cpp">
      <Filter>Engine</Filter>
    </ClCompile>
    <ClCompile Include="src\Engine\Texture.cpp">
      <Filter>Engine</Filter>
    </ClCompile>
    <ClCompile Include="src\Engine\util\stb_image.cpp">
      <Filter>Engine\util</Filter>
    </ClCompile>
    <ClCompile Include="src\EntryPoint.cpp" />
    <ClCompile Include="src\Engine\Component\Component.cpp" />
    <ClCompile Include="src\Engine\Camera.cpp" />
    <ClCompile Include="src\Engine\Component\MeshComponent.cpp" />
    <ClCompile Include="src\Game\BackPackActor.cpp" />
    <ClCompile Include="src\Engine\Renderer.cpp" />
    <ClCompile Include="src\Engine\Component\SpriteComponent.cpp" />
    <ClCompile Include="src\Game\TestActor2.cpp" />
    <ClCompile Include="src\Game\ContainerActor.cpp" />
    <ClCompile Include="src\Game\HealthBarActor.cpp" />
    <ClCompile Include="src\Game\SceneActor.cpp" />
  </ItemGroup>
  <ItemGroup>
    <None Include="Assets\Shaders\BasicMesh.vert" />
    <None Include="Assets\Shaders\BasicMesh.frag" />
    <None Include="Assets\Shaders\BasicSprite.frag" />
    <None Include="Assets\Shaders\Phong.vert" />
    <None Include="Assets\Shaders\Phong.frag" />
  </ItemGroup>
  <ItemGroup>
    <Text Include="Assets\Shaders\BasicSprite.vert" />
  </ItemGroup>
</Project>