<?xml version="1.0" encoding="utf-8"?>
<Project ToolsVersion="4.0" xmlns="http://schemas.microsoft.com/developer/msbuild/2003">
  <ItemGroup>
    <Filter Include="Engine">
      <UniqueIdentifier>{DBC7D3B0-C769-FE86-B024-12DB9C6585D7}</UniqueIdentifier>
    </Filter>
    <Filter Include="Engine\Component">
      <UniqueIdentifier>{FD6DB9BA-E966-D80C-1299-BD91FEF0B718}</UniqueIdentifier>
    </Filter>
    <Filter Include="Game">
      <UniqueIdentifier>{7FA9857C-6BE0-860D-14CD-6C1000E3020F}</UniqueIdentifier>
    </Filter>
    <Filter Include="stbi">
      <UniqueIdentifier>{97199E7C-8350-9F0D-2C3D-851018531B0F}</UniqueIdentifier>
    </Filter>
  </ItemGroup>
  <ItemGroup>
    <ClInclude Include="src\Engine\Actor.h">
      <Filter>Engine</Filter>
    </ClInclude>
    <ClInclude Include="src\Engine\Animation.h">
      <Filter>Engine</Filter>
    </ClInclude>
    <ClInclude Include="src\Engine\AudioSystem.h">
      <Filter>Engine</Filter>
    </ClInclude>
    <ClInclude Include="src\Engine\BoneTransform.h">
      <Filter>Engine</Filter>
    </ClInclude>
    <ClInclude Include="src\Engine\Button.h">
      <Filter>Engine</Filter>
    </ClInclude>
    <ClInclude Include="src\Engine\Collision.h">
      <Filter>Engine</Filter>
    </ClInclude>
    <ClInclude Include="src\Engine\Component\AudioComponent.h">
      <Filter>Engine\Component</Filter>
    </ClInclude>
    <ClInclude Include="src\Engine\Component\BoxComponent.h">
      <Filter>Engine\Component</Filter>
    </ClInclude>
    <ClInclude Include="src\Engine\Component\CameraComponent.h">
      <Filter>Engine\Component</Filter>
    </ClInclude>
    <ClInclude Include="src\Engine\Component\Component.h">
      <Filter>Engine\Component</Filter>
    </ClInclude>
    <ClInclude Include="src\Engine\Component\FPSCameraComponent.h">
      <Filter>Engine\Component</Filter>
    </ClInclude>
    <ClInclude Include="src\Engine\Component\FollowCamera.h">
      <Filter>Engine\Component</Filter>
    </ClInclude>
    <ClInclude Include="src\Engine\Component\MeshComponent.h">
      <Filter>Engine\Component</Filter>
    </ClInclude>
    <ClInclude Include="src\Engine\Component\MirrorCamera.h">
      <Filter>Engine\Component</Filter>
    </ClInclude>
    <ClInclude Include="src\Engine\Component\MoveComponent.h">
      <Filter>Engine\Component</Filter>
    </ClInclude>
    <ClInclude Include="src\Engine\Component\PointLightComponent.h">
      <Filter>Engine\Component</Filter>
    </ClInclude>
    <ClInclude Include="src\Engine\Component\SkinnedMeshComponent.h">
      <Filter>Engine\Component</Filter>
    </ClInclude>
    <ClInclude Include="src\Engine\Component\SpriteComponent.h">
      <Filter>Engine\Component</Filter>
    </ClInclude>
    <ClInclude Include="src\Engine\DialogBox.h">
      <Filter>Engine</Filter>
    </ClInclude>
    <ClInclude Include="src\Engine\Font.h">
      <Filter>Engine</Filter>
    </ClInclude>
    <ClInclude Include="src\Engine\GBuffer.h">
      <Filter>Engine</Filter>
    </ClInclude>
    <ClInclude Include="src\Engine\Game.h">
      <Filter>Engine</Filter>
    </ClInclude>
    <ClInclude Include="src\Engine\InputSystem.h">
      <Filter>Engine</Filter>
    </ClInclude>
    <ClInclude Include="src\Engine\Keyboard.h">
      <Filter>Engine</Filter>
    </ClInclude>
    <ClInclude Include="src\Engine\MatrixPalette.h">
      <Filter>Engine</Filter>
    </ClInclude>
    <ClInclude Include="src\Engine\Mesh.h">
      <Filter>Engine</Filter>
    </ClInclude>
    <ClInclude Include="src\Engine\Model.h">
      <Filter>Engine</Filter>
    </ClInclude>
    <ClInclude Include="src\Engine\Mouse.h">
      <Filter>Engine</Filter>
    </ClInclude>
    <ClInclude Include="src\Engine\PhysWorld.h">
      <Filter>Engine</Filter>
    </ClInclude>
    <ClInclude Include="src\Engine\Renderer.h">
      <Filter>Engine</Filter>
    </ClInclude>
    <ClInclude Include="src\Engine\Shader.h">
      <Filter>Engine</Filter>
    </ClInclude>
    <ClInclude Include="src\Engine\Skeleton.h">
      <Filter>Engine</Filter>
    </ClInclude>
    <ClInclude Include="src\Engine\SoundEvent.h">
      <Filter>Engine</Filter>
    </ClInclude>
    <ClInclude Include="src\Engine\Texture.h">
      <Filter>Engine</Filter>
    </ClInclude>
    <ClInclude Include="src\Engine\UIScreen.h">
      <Filter>Engine</Filter>
    </ClInclude>
    <ClInclude Include="src\Game\AnimTestActor.h">
      <Filter>Game</Filter>
    </ClInclude>
    <ClInclude Include="src\Game\FPSActor.h">
      <Filter>Game</Filter>
    </ClInclude>
    <ClInclude Include="src\Game\FollowActor.h">
      <Filter>Game</Filter>
    </ClInclude>
    <ClInclude Include="src\Game\GroundActor.h">
      <Filter>Game</Filter>
    </ClInclude>
    <ClInclude Include="src\Game\HUD.h">
      <Filter>Game</Filter>
    </ClInclude>
    <ClInclude Include="src\Game\PauseMenu.h">
      <Filter>Game</Filter>
    </ClInclude>
    <ClInclude Include="src\Game\PointLightActor.h">
      <Filter>Game</Filter>
    </ClInclude>
    <ClInclude Include="src\Game\TargetActor.h">
      <Filter>Game</Filter>
    </ClInclude>
    <ClInclude Include="src\Game\WallActor.h">
      <Filter>Game</Filter>
    </ClInclude>
    <ClInclude Include="src\stbi\stb_image.h">
      <Filter>stbi</Filter>
    </ClInclude>
    <ClInclude Include="src\Engine\LevelLoader.h" />
  </ItemGroup>
  <ItemGroup>
    <ClCompile Include="src\Engine\Actor.cpp">
      <Filter>Engine</Filter>
    </ClCompile>
    <ClCompile Include="src\Engine\Animation.cpp">
      <Filter>Engine</Filter>
    </ClCompile>
    <ClCompile Include="src\Engine\AudioSystem.cpp">
      <Filter>Engine</Filter>
    </ClCompile>
    <ClCompile Include="src\Engine\BoneTransform.cpp">
      <Filter>Engine</Filter>
    </ClCompile>
    <ClCompile Include="src\Engine\Button.cpp">
      <Filter>Engine</Filter>
    </ClCompile>
    <ClCompile Include="src\Engine\Collision.cpp">
      <Filter>Engine</Filter>
    </ClCompile>
    <ClCompile Include="src\Engine\Component\AudioComponent.cpp">
      <Filter>Engine\Component</Filter>
    </ClCompile>
    <ClCompile Include="src\Engine\Component\BoxComponent.cpp">
      <Filter>Engine\Component</Filter>
    </ClCompile>
    <ClCompile Include="src\Engine\Component\CameraComponent.cpp">
      <Filter>Engine\Component</Filter>
    </ClCompile>
    <ClCompile Include="src\Engine\Component\Component.cpp">
      <Filter>Engine\Component</Filter>
    </ClCompile>
    <ClCompile Include="src\Engine\Component\FPSCameraComponent.cpp">
      <Filter>Engine\Component</Filter>
    </ClCompile>
    <ClCompile Include="src\Engine\Component\FollowCamera.cpp">
      <Filter>Engine\Component</Filter>
    </ClCompile>
    <ClCompile Include="src\Engine\Component\MeshComponent.cpp">
      <Filter>Engine\Component</Filter>
    </ClCompile>
    <ClCompile Include="src\Engine\Component\MirrorCamera.cpp">
      <Filter>Engine\Component</Filter>
    </ClCompile>
    <ClCompile Include="src\Engine\Component\MoveComponent.cpp">
      <Filter>Engine\Component</Filter>
    </ClCompile>
    <ClCompile Include="src\Engine\Component\PointLightComponent.cpp">
      <Filter>Engine\Component</Filter>
    </ClCompile>
    <ClCompile Include="src\Engine\Component\SkinnedMeshComponent.cpp">
      <Filter>Engine\Component</Filter>
    </ClCompile>
    <ClCompile Include="src\Engine\Component\SpriteComponent.cpp">
      <Filter>Engine\Component</Filter>
    </ClCompile>
    <ClCompile Include="src\Engine\DialogBox.cpp">
      <Filter>Engine</Filter>
    </ClCompile>
    <ClCompile Include="src\Engine\Font.cpp">
      <Filter>Engine</Filter>
    </ClCompile>
    <ClCompile Include="src\Engine\GBuffer.cpp">
      <Filter>Engine</Filter>
    </ClCompile>
    <ClCompile Include="src\Engine\Game.cpp">
      <Filter>Engine</Filter>
    </ClCompile>
    <ClCompile Include="src\Engine\InputState.cpp">
      <Filter>Engine</Filter>
    </ClCompile>
    <ClCompile Include="src\Engine\Keyboard.cpp">
      <Filter>Engine</Filter>
    </ClCompile>
    <ClCompile Include="src\Engine\Mesh.cpp">
      <Filter>Engine</Filter>
    </ClCompile>
    <ClCompile Include="src\Engine\Model.cpp">
      <Filter>Engine</Filter>
    </ClCompile>
    <ClCompile Include="src\Engine\Mouse.cpp">
      <Filter>Engine</Filter>
    </ClCompile>
    <ClCompile Include="src\Engine\PhysWorld.cpp">
      <Filter>Engine</Filter>
    </ClCompile>
    <ClCompile Include="src\Engine\Renderer.cpp">
      <Filter>Engine</Filter>
    </ClCompile>
    <ClCompile Include="src\Engine\Shader.cpp">
      <Filter>Engine</Filter>
    </ClCompile>
    <ClCompile Include="src\Engine\Skeleton.cpp">
      <Filter>Engine</Filter>
    </ClCompile>
    <ClCompile Include="src\Engine\SoundEvent.cpp">
      <Filter>Engine</Filter>
    </ClCompile>
    <ClCompile Include="src\Engine\Texture.cpp">
      <Filter>Engine</Filter>
    </ClCompile>
    <ClCompile Include="src\Engine\UIScreen.cpp">
      <Filter>Engine</Filter>
    </ClCompile>
    <ClCompile Include="src\EntryPoint.cpp" />
    <ClCompile Include="src\Game\FPSActor.cpp">
      <Filter>Game</Filter>
    </ClCompile>
    <ClCompile Include="src\Game\FollowActor.cpp">
      <Filter>Game</Filter>
    </ClCompile>
    <ClCompile Include="src\Game\HUD.cpp">
      <Filter>Game</Filter>
    </ClCompile>
    <ClCompile Include="src\stbi\stb_image.cpp">
      <Filter>stbi</Filter>
    </ClCompile>
    <ClCompile Include="src\Engine\LevelLoader.cpp" />
  </ItemGroup>
</Project>